// !$*UTF8*$!
{
	archiveVersion = 1;
	classes = {
	};
	objectVersion = 56;
	objects = {

/* Begin PBXBuildFile section */
		1233D6F02A1374D600FF4A65 /* AccountSummaryHeaderView.xib in Resources */ = {isa = PBXBuildFile; fileRef = 1233D6EF2A1374D600FF4A65 /* AccountSummaryHeaderView.xib */; };
		1233D6F42A1384C400FF4A65 /* AccountSummaryCell.swift in Sources */ = {isa = PBXBuildFile; fileRef = 1233D6F32A1384C400FF4A65 /* AccountSummaryCell.swift */; };
		1233D6F62A14A5C600FF4A65 /* DecimalUtils.swift in Sources */ = {isa = PBXBuildFile; fileRef = 1233D6F52A14A5C600FF4A65 /* DecimalUtils.swift */; };
		1233D6F82A14A61000FF4A65 /* CurrencyFormatter.swift in Sources */ = {isa = PBXBuildFile; fileRef = 1233D6F72A14A61000FF4A65 /* CurrencyFormatter.swift */; };
		12C4DBE22A0CEA7400DBC4CF /* AppDelegate.swift in Sources */ = {isa = PBXBuildFile; fileRef = 12C4DBE12A0CEA7400DBC4CF /* AppDelegate.swift */; };
		12C4DBE62A0CEA7400DBC4CF /* LoginViewController.swift in Sources */ = {isa = PBXBuildFile; fileRef = 12C4DBE52A0CEA7400DBC4CF /* LoginViewController.swift */; };
		12C4DBEB2A0CEA7500DBC4CF /* Assets.xcassets in Resources */ = {isa = PBXBuildFile; fileRef = 12C4DBEA2A0CEA7500DBC4CF /* Assets.xcassets */; };
		12C4DBEE2A0CEA7500DBC4CF /* LaunchScreen.storyboard in Resources */ = {isa = PBXBuildFile; fileRef = 12C4DBEC2A0CEA7500DBC4CF /* LaunchScreen.storyboard */; };
		12C4DBF82A0CF30F00DBC4CF /* LoginView.swift in Sources */ = {isa = PBXBuildFile; fileRef = 12C4DBF72A0CF30F00DBC4CF /* LoginView.swift */; };
		12C4DBFB2A0E377B00DBC4CF /* OnboardingContainerViewController.swift in Sources */ = {isa = PBXBuildFile; fileRef = 12C4DBFA2A0E377B00DBC4CF /* OnboardingContainerViewController.swift */; };
		12C4DBFD2A0E3EF600DBC4CF /* OnboardingViewController.swift in Sources */ = {isa = PBXBuildFile; fileRef = 12C4DBFC2A0E3EF600DBC4CF /* OnboardingViewController.swift */; };
		12C4DBFF2A0F9D6B00DBC4CF /* DummyViewController.swift in Sources */ = {isa = PBXBuildFile; fileRef = 12C4DBFE2A0F9D6B00DBC4CF /* DummyViewController.swift */; };
		12C4DC022A1210BA00DBC4CF /* LocalState.swift in Sources */ = {isa = PBXBuildFile; fileRef = 12C4DC012A1210BA00DBC4CF /* LocalState.swift */; };
		12C4DC042A12371000DBC4CF /* UIViewController+Utils.swift in Sources */ = {isa = PBXBuildFile; fileRef = 12C4DC032A12371000DBC4CF /* UIViewController+Utils.swift */; };
		12C4DC062A12383100DBC4CF /* MainViewController.swift in Sources */ = {isa = PBXBuildFile; fileRef = 12C4DC052A12383100DBC4CF /* MainViewController.swift */; };
		12C4DC092A135B0400DBC4CF /* AccountSummaryViewController.swift in Sources */ = {isa = PBXBuildFile; fileRef = 12C4DC082A135B0400DBC4CF /* AccountSummaryViewController.swift */; };
		12C4DC0B2A1366D600DBC4CF /* AccountSummaryHeaderView.swift in Sources */ = {isa = PBXBuildFile; fileRef = 12C4DC0A2A1366D600DBC4CF /* AccountSummaryHeaderView.swift */; };
		12F0FFBF2A173AB5003D9B45 /* CurrencyFormatterTests.swift in Sources */ = {isa = PBXBuildFile; fileRef = 12F0FFBE2A173AB5003D9B45 /* CurrencyFormatterTests.swift */; };
/* End PBXBuildFile section */

/* Begin PBXContainerItemProxy section */
		12F0FFB92A173A07003D9B45 /* PBXContainerItemProxy */ = {
			isa = PBXContainerItemProxy;
			containerPortal = 12C4DBD62A0CEA7400DBC4CF /* Project object */;
			proxyType = 1;
			remoteGlobalIDString = 12C4DBDD2A0CEA7400DBC4CF;
			remoteInfo = Bankey;
		};
/* End PBXContainerItemProxy section */

/* Begin PBXFileReference section */
		1233D6EF2A1374D600FF4A65 /* AccountSummaryHeaderView.xib */ = {isa = PBXFileReference; lastKnownFileType = file.xib; path = AccountSummaryHeaderView.xib; sourceTree = "<group>"; };
		1233D6F32A1384C400FF4A65 /* AccountSummaryCell.swift */ = {isa = PBXFileReference; lastKnownFileType = sourcecode.swift; path = AccountSummaryCell.swift; sourceTree = "<group>"; };
		1233D6F52A14A5C600FF4A65 /* DecimalUtils.swift */ = {isa = PBXFileReference; lastKnownFileType = sourcecode.swift; path = DecimalUtils.swift; sourceTree = "<group>"; };
		1233D6F72A14A61000FF4A65 /* CurrencyFormatter.swift */ = {isa = PBXFileReference; lastKnownFileType = sourcecode.swift; path = CurrencyFormatter.swift; sourceTree = "<group>"; };
		12C4DBDE2A0CEA7400DBC4CF /* Bankey.app */ = {isa = PBXFileReference; explicitFileType = wrapper.application; includeInIndex = 0; path = Bankey.app; sourceTree = BUILT_PRODUCTS_DIR; };
		12C4DBE12A0CEA7400DBC4CF /* AppDelegate.swift */ = {isa = PBXFileReference; lastKnownFileType = sourcecode.swift; path = AppDelegate.swift; sourceTree = "<group>"; };
		12C4DBE52A0CEA7400DBC4CF /* LoginViewController.swift */ = {isa = PBXFileReference; lastKnownFileType = sourcecode.swift; path = LoginViewController.swift; sourceTree = "<group>"; };
		12C4DBEA2A0CEA7500DBC4CF /* Assets.xcassets */ = {isa = PBXFileReference; lastKnownFileType = folder.assetcatalog; path = Assets.xcassets; sourceTree = "<group>"; };
		12C4DBED2A0CEA7500DBC4CF /* Base */ = {isa = PBXFileReference; lastKnownFileType = file.storyboard; name = Base; path = Base.lproj/LaunchScreen.storyboard; sourceTree = "<group>"; };
		12C4DBEF2A0CEA7500DBC4CF /* Info.plist */ = {isa = PBXFileReference; lastKnownFileType = text.plist.xml; path = Info.plist; sourceTree = "<group>"; };
		12C4DBF72A0CF30F00DBC4CF /* LoginView.swift */ = {isa = PBXFileReference; lastKnownFileType = sourcecode.swift; path = LoginView.swift; sourceTree = "<group>"; };
		12C4DBFA2A0E377B00DBC4CF /* OnboardingContainerViewController.swift */ = {isa = PBXFileReference; lastKnownFileType = sourcecode.swift; path = OnboardingContainerViewController.swift; sourceTree = "<group>"; };
		12C4DBFC2A0E3EF600DBC4CF /* OnboardingViewController.swift */ = {isa = PBXFileReference; lastKnownFileType = sourcecode.swift; path = OnboardingViewController.swift; sourceTree = "<group>"; };
		12C4DBFE2A0F9D6B00DBC4CF /* DummyViewController.swift */ = {isa = PBXFileReference; lastKnownFileType = sourcecode.swift; path = DummyViewController.swift; sourceTree = "<group>"; };
		12C4DC012A1210BA00DBC4CF /* LocalState.swift */ = {isa = PBXFileReference; lastKnownFileType = sourcecode.swift; path = LocalState.swift; sourceTree = "<group>"; };
		12C4DC032A12371000DBC4CF /* UIViewController+Utils.swift */ = {isa = PBXFileReference; lastKnownFileType = sourcecode.swift; path = "UIViewController+Utils.swift"; sourceTree = "<group>"; };
		12C4DC052A12383100DBC4CF /* MainViewController.swift */ = {isa = PBXFileReference; lastKnownFileType = sourcecode.swift; path = MainViewController.swift; sourceTree = "<group>"; };
		12C4DC082A135B0400DBC4CF /* AccountSummaryViewController.swift */ = {isa = PBXFileReference; lastKnownFileType = sourcecode.swift; path = AccountSummaryViewController.swift; sourceTree = "<group>"; };
		12C4DC0A2A1366D600DBC4CF /* AccountSummaryHeaderView.swift */ = {isa = PBXFileReference; lastKnownFileType = sourcecode.swift; path = AccountSummaryHeaderView.swift; sourceTree = "<group>"; };
		12F0FFB52A173A07003D9B45 /* BankeyUnitTests.xctest */ = {isa = PBXFileReference; explicitFileType = wrapper.cfbundle; includeInIndex = 0; path = BankeyUnitTests.xctest; sourceTree = BUILT_PRODUCTS_DIR; };
		12F0FFBE2A173AB5003D9B45 /* CurrencyFormatterTests.swift */ = {isa = PBXFileReference; lastKnownFileType = sourcecode.swift; path = CurrencyFormatterTests.swift; sourceTree = "<group>"; };
/* End PBXFileReference section */

/* Begin PBXFrameworksBuildPhase section */
		12C4DBDB2A0CEA7400DBC4CF /* Frameworks */ = {
			isa = PBXFrameworksBuildPhase;
			buildActionMask = 2147483647;
			files = (
			);
			runOnlyForDeploymentPostprocessing = 0;
		};
		12F0FFB22A173A07003D9B45 /* Frameworks */ = {
			isa = PBXFrameworksBuildPhase;
			buildActionMask = 2147483647;
			files = (
			);
			runOnlyForDeploymentPostprocessing = 0;
		};
/* End PBXFrameworksBuildPhase section */

/* Begin PBXGroup section */
		1233D6F12A13848200FF4A65 /* Header */ = {
			isa = PBXGroup;
			children = (
				12C4DC0A2A1366D600DBC4CF /* AccountSummaryHeaderView.swift */,
				1233D6EF2A1374D600FF4A65 /* AccountSummaryHeaderView.xib */,
			);
			path = Header;
			sourceTree = "<group>";
		};
		1233D6F22A13849D00FF4A65 /* Cells */ = {
			isa = PBXGroup;
			children = (
				1233D6F32A1384C400FF4A65 /* AccountSummaryCell.swift */,
			);
			path = Cells;
			sourceTree = "<group>";
		};
		12C4DBD52A0CEA7400DBC4CF = {
			isa = PBXGroup;
			children = (
				12C4DBE02A0CEA7400DBC4CF /* Bankey */,
				12F0FFB62A173A07003D9B45 /* BankeyUnitTests */,
				12C4DBDF2A0CEA7400DBC4CF /* Products */,
			);
			sourceTree = "<group>";
		};
		12C4DBDF2A0CEA7400DBC4CF /* Products */ = {
			isa = PBXGroup;
			children = (
				12C4DBDE2A0CEA7400DBC4CF /* Bankey.app */,
				12F0FFB52A173A07003D9B45 /* BankeyUnitTests.xctest */,
			);
			name = Products;
			sourceTree = "<group>";
		};
		12C4DBE02A0CEA7400DBC4CF /* Bankey */ = {
			isa = PBXGroup;
			children = (
				12C4DBE12A0CEA7400DBC4CF /* AppDelegate.swift */,
				12C4DC052A12383100DBC4CF /* MainViewController.swift */,
				12C4DBF62A0CF2C400DBC4CF /* Login */,
				12C4DBF92A0E374C00DBC4CF /* Onboarding */,
				12C4DC072A135ADE00DBC4CF /* AccountSummary */,
				12C4DC002A1210AA00DBC4CF /* Utilities */,
				12C4DBF52A0CEE7A00DBC4CF /* Files */,
			);
			path = Bankey;
			sourceTree = "<group>";
		};
		12C4DBF52A0CEE7A00DBC4CF /* Files */ = {
			isa = PBXGroup;
			children = (
				12C4DBEA2A0CEA7500DBC4CF /* Assets.xcassets */,
				12C4DBEC2A0CEA7500DBC4CF /* LaunchScreen.storyboard */,
				12C4DBEF2A0CEA7500DBC4CF /* Info.plist */,
			);
			name = Files;
			sourceTree = "<group>";
		};
		12C4DBF62A0CF2C400DBC4CF /* Login */ = {
			isa = PBXGroup;
			children = (
				12C4DBE52A0CEA7400DBC4CF /* LoginViewController.swift */,
				12C4DBF72A0CF30F00DBC4CF /* LoginView.swift */,
				12C4DBFE2A0F9D6B00DBC4CF /* DummyViewController.swift */,
			);
			path = Login;
			sourceTree = "<group>";
		};
		12C4DBF92A0E374C00DBC4CF /* Onboarding */ = {
			isa = PBXGroup;
			children = (
				12C4DBFA2A0E377B00DBC4CF /* OnboardingContainerViewController.swift */,
				12C4DBFC2A0E3EF600DBC4CF /* OnboardingViewController.swift */,
			);
			path = Onboarding;
			sourceTree = "<group>";
		};
		12C4DC002A1210AA00DBC4CF /* Utilities */ = {
			isa = PBXGroup;
			children = (
				12C4DC012A1210BA00DBC4CF /* LocalState.swift */,
				12C4DC032A12371000DBC4CF /* UIViewController+Utils.swift */,
				1233D6F52A14A5C600FF4A65 /* DecimalUtils.swift */,
				1233D6F72A14A61000FF4A65 /* CurrencyFormatter.swift */,
			);
			path = Utilities;
			sourceTree = "<group>";
		};
		12C4DC072A135ADE00DBC4CF /* AccountSummary */ = {
			isa = PBXGroup;
			children = (
				12C4DC082A135B0400DBC4CF /* AccountSummaryViewController.swift */,
				1233D6F12A13848200FF4A65 /* Header */,
				1233D6F22A13849D00FF4A65 /* Cells */,
			);
			path = AccountSummary;
			sourceTree = "<group>";
		};
		12F0FFB62A173A07003D9B45 /* BankeyUnitTests */ = {
			isa = PBXGroup;
			children = (
				12F0FFBE2A173AB5003D9B45 /* CurrencyFormatterTests.swift */,
			);
			path = BankeyUnitTests;
			sourceTree = "<group>";
		};
/* End PBXGroup section */

/* Begin PBXNativeTarget section */
		12C4DBDD2A0CEA7400DBC4CF /* Bankey */ = {
			isa = PBXNativeTarget;
			buildConfigurationList = 12C4DBF22A0CEA7500DBC4CF /* Build configuration list for PBXNativeTarget "Bankey" */;
			buildPhases = (
				12C4DBDA2A0CEA7400DBC4CF /* Sources */,
				12C4DBDB2A0CEA7400DBC4CF /* Frameworks */,
				12C4DBDC2A0CEA7400DBC4CF /* Resources */,
			);
			buildRules = (
			);
			dependencies = (
			);
			name = Bankey;
			productName = Bankey;
			productReference = 12C4DBDE2A0CEA7400DBC4CF /* Bankey.app */;
			productType = "com.apple.product-type.application";
		};
		12F0FFB42A173A07003D9B45 /* BankeyUnitTests */ = {
			isa = PBXNativeTarget;
			buildConfigurationList = 12F0FFBD2A173A07003D9B45 /* Build configuration list for PBXNativeTarget "BankeyUnitTests" */;
			buildPhases = (
				12F0FFB12A173A07003D9B45 /* Sources */,
				12F0FFB22A173A07003D9B45 /* Frameworks */,
				12F0FFB32A173A07003D9B45 /* Resources */,
			);
			buildRules = (
			);
			dependencies = (
				12F0FFBA2A173A07003D9B45 /* PBXTargetDependency */,
			);
			name = BankeyUnitTests;
			productName = BankeyUnitTests;
			productReference = 12F0FFB52A173A07003D9B45 /* BankeyUnitTests.xctest */;
			productType = "com.apple.product-type.bundle.unit-test";
		};
/* End PBXNativeTarget section */

/* Begin PBXProject section */
		12C4DBD62A0CEA7400DBC4CF /* Project object */ = {
			isa = PBXProject;
			attributes = {
				BuildIndependentTargetsInParallel = 1;
				LastSwiftUpdateCheck = 1410;
				LastUpgradeCheck = 1410;
				TargetAttributes = {
					12C4DBDD2A0CEA7400DBC4CF = {
						CreatedOnToolsVersion = 14.1;
					};
					12F0FFB42A173A07003D9B45 = {
						CreatedOnToolsVersion = 14.1;
						LastSwiftMigration = 1410;
						TestTargetID = 12C4DBDD2A0CEA7400DBC4CF;
					};
				};
			};
			buildConfigurationList = 12C4DBD92A0CEA7400DBC4CF /* Build configuration list for PBXProject "Bankey" */;
			compatibilityVersion = "Xcode 14.0";
			developmentRegion = en;
			hasScannedForEncodings = 0;
			knownRegions = (
				en,
				Base,
			);
			mainGroup = 12C4DBD52A0CEA7400DBC4CF;
			productRefGroup = 12C4DBDF2A0CEA7400DBC4CF /* Products */;
			projectDirPath = "";
			projectRoot = "";
			targets = (
				12C4DBDD2A0CEA7400DBC4CF /* Bankey */,
				12F0FFB42A173A07003D9B45 /* BankeyUnitTests */,
			);
		};
/* End PBXProject section */

/* Begin PBXResourcesBuildPhase section */
		12C4DBDC2A0CEA7400DBC4CF /* Resources */ = {
			isa = PBXResourcesBuildPhase;
			buildActionMask = 2147483647;
			files = (
				1233D6F02A1374D600FF4A65 /* AccountSummaryHeaderView.xib in Resources */,
				12C4DBEE2A0CEA7500DBC4CF /* LaunchScreen.storyboard in Resources */,
				12C4DBEB2A0CEA7500DBC4CF /* Assets.xcassets in Resources */,
			);
			runOnlyForDeploymentPostprocessing = 0;
		};
		12F0FFB32A173A07003D9B45 /* Resources */ = {
			isa = PBXResourcesBuildPhase;
			buildActionMask = 2147483647;
			files = (
			);
			runOnlyForDeploymentPostprocessing = 0;
		};
/* End PBXResourcesBuildPhase section */

/* Begin PBXSourcesBuildPhase section */
		12C4DBDA2A0CEA7400DBC4CF /* Sources */ = {
			isa = PBXSourcesBuildPhase;
			buildActionMask = 2147483647;
			files = (
				12C4DC042A12371000DBC4CF /* UIViewController+Utils.swift in Sources */,
				12C4DBF82A0CF30F00DBC4CF /* LoginView.swift in Sources */,
				12C4DC022A1210BA00DBC4CF /* LocalState.swift in Sources */,
				12C4DC0B2A1366D600DBC4CF /* AccountSummaryHeaderView.swift in Sources */,
				12C4DBFF2A0F9D6B00DBC4CF /* DummyViewController.swift in Sources */,
				1233D6F82A14A61000FF4A65 /* CurrencyFormatter.swift in Sources */,
				1233D6F62A14A5C600FF4A65 /* DecimalUtils.swift in Sources */,
				12C4DBE62A0CEA7400DBC4CF /* LoginViewController.swift in Sources */,
				1233D6F42A1384C400FF4A65 /* AccountSummaryCell.swift in Sources */,
				12C4DBFD2A0E3EF600DBC4CF /* OnboardingViewController.swift in Sources */,
				12C4DC062A12383100DBC4CF /* MainViewController.swift in Sources */,
				12C4DC092A135B0400DBC4CF /* AccountSummaryViewController.swift in Sources */,
				12C4DBE22A0CEA7400DBC4CF /* AppDelegate.swift in Sources */,
				12C4DBFB2A0E377B00DBC4CF /* OnboardingContainerViewController.swift in Sources */,
			);
			runOnlyForDeploymentPostprocessing = 0;
		};
		12F0FFB12A173A07003D9B45 /* Sources */ = {
			isa = PBXSourcesBuildPhase;
			buildActionMask = 2147483647;
			files = (
				12F0FFBF2A173AB5003D9B45 /* CurrencyFormatterTests.swift in Sources */,
			);
			runOnlyForDeploymentPostprocessing = 0;
		};
/* End PBXSourcesBuildPhase section */

/* Begin PBXTargetDependency section */
		12F0FFBA2A173A07003D9B45 /* PBXTargetDependency */ = {
			isa = PBXTargetDependency;
			target = 12C4DBDD2A0CEA7400DBC4CF /* Bankey */;
			targetProxy = 12F0FFB92A173A07003D9B45 /* PBXContainerItemProxy */;
		};
/* End PBXTargetDependency section */

/* Begin PBXVariantGroup section */
		12C4DBEC2A0CEA7500DBC4CF /* LaunchScreen.storyboard */ = {
			isa = PBXVariantGroup;
			children = (
				12C4DBED2A0CEA7500DBC4CF /* Base */,
			);
			name = LaunchScreen.storyboard;
			sourceTree = "<group>";
		};
/* End PBXVariantGroup section */

/* Begin XCBuildConfiguration section */
		12C4DBF02A0CEA7500DBC4CF /* Debug */ = {
			isa = XCBuildConfiguration;
			buildSettings = {
				ALWAYS_SEARCH_USER_PATHS = NO;
				CLANG_ANALYZER_NONNULL = YES;
				CLANG_ANALYZER_NUMBER_OBJECT_CONVERSION = YES_AGGRESSIVE;
				CLANG_CXX_LANGUAGE_STANDARD = "gnu++20";
				CLANG_ENABLE_MODULES = YES;
				CLANG_ENABLE_OBJC_ARC = YES;
				CLANG_ENABLE_OBJC_WEAK = YES;
				CLANG_WARN_BLOCK_CAPTURE_AUTORELEASING = YES;
				CLANG_WARN_BOOL_CONVERSION = YES;
				CLANG_WARN_COMMA = YES;
				CLANG_WARN_CONSTANT_CONVERSION = YES;
				CLANG_WARN_DEPRECATED_OBJC_IMPLEMENTATIONS = YES;
				CLANG_WARN_DIRECT_OBJC_ISA_USAGE = YES_ERROR;
				CLANG_WARN_DOCUMENTATION_COMMENTS = YES;
				CLANG_WARN_EMPTY_BODY = YES;
				CLANG_WARN_ENUM_CONVERSION = YES;
				CLANG_WARN_INFINITE_RECURSION = YES;
				CLANG_WARN_INT_CONVERSION = YES;
				CLANG_WARN_NON_LITERAL_NULL_CONVERSION = YES;
				CLANG_WARN_OBJC_IMPLICIT_RETAIN_SELF = YES;
				CLANG_WARN_OBJC_LITERAL_CONVERSION = YES;
				CLANG_WARN_OBJC_ROOT_CLASS = YES_ERROR;
				CLANG_WARN_QUOTED_INCLUDE_IN_FRAMEWORK_HEADER = YES;
				CLANG_WARN_RANGE_LOOP_ANALYSIS = YES;
				CLANG_WARN_STRICT_PROTOTYPES = YES;
				CLANG_WARN_SUSPICIOUS_MOVE = YES;
				CLANG_WARN_UNGUARDED_AVAILABILITY = YES_AGGRESSIVE;
				CLANG_WARN_UNREACHABLE_CODE = YES;
				CLANG_WARN__DUPLICATE_METHOD_MATCH = YES;
				COPY_PHASE_STRIP = NO;
				DEBUG_INFORMATION_FORMAT = dwarf;
				ENABLE_STRICT_OBJC_MSGSEND = YES;
				ENABLE_TESTABILITY = YES;
				GCC_C_LANGUAGE_STANDARD = gnu11;
				GCC_DYNAMIC_NO_PIC = NO;
				GCC_NO_COMMON_BLOCKS = YES;
				GCC_OPTIMIZATION_LEVEL = 0;
				GCC_PREPROCESSOR_DEFINITIONS = (
					"DEBUG=1",
					"$(inherited)",
				);
				GCC_WARN_64_TO_32_BIT_CONVERSION = YES;
				GCC_WARN_ABOUT_RETURN_TYPE = YES_ERROR;
				GCC_WARN_UNDECLARED_SELECTOR = YES;
				GCC_WARN_UNINITIALIZED_AUTOS = YES_AGGRESSIVE;
				GCC_WARN_UNUSED_FUNCTION = YES;
				GCC_WARN_UNUSED_VARIABLE = YES;
				IPHONEOS_DEPLOYMENT_TARGET = 16.1;
				MTL_ENABLE_DEBUG_INFO = INCLUDE_SOURCE;
				MTL_FAST_MATH = YES;
				ONLY_ACTIVE_ARCH = YES;
				SDKROOT = iphoneos;
				SWIFT_ACTIVE_COMPILATION_CONDITIONS = DEBUG;
				SWIFT_OPTIMIZATION_LEVEL = "-Onone";
			};
			name = Debug;
		};
		12C4DBF12A0CEA7500DBC4CF /* Release */ = {
			isa = XCBuildConfiguration;
			buildSettings = {
				ALWAYS_SEARCH_USER_PATHS = NO;
				CLANG_ANALYZER_NONNULL = YES;
				CLANG_ANALYZER_NUMBER_OBJECT_CONVERSION = YES_AGGRESSIVE;
				CLANG_CXX_LANGUAGE_STANDARD = "gnu++20";
				CLANG_ENABLE_MODULES = YES;
				CLANG_ENABLE_OBJC_ARC = YES;
				CLANG_ENABLE_OBJC_WEAK = YES;
				CLANG_WARN_BLOCK_CAPTURE_AUTORELEASING = YES;
				CLANG_WARN_BOOL_CONVERSION = YES;
				CLANG_WARN_COMMA = YES;
				CLANG_WARN_CONSTANT_CONVERSION = YES;
				CLANG_WARN_DEPRECATED_OBJC_IMPLEMENTATIONS = YES;
				CLANG_WARN_DIRECT_OBJC_ISA_USAGE = YES_ERROR;
				CLANG_WARN_DOCUMENTATION_COMMENTS = YES;
				CLANG_WARN_EMPTY_BODY = YES;
				CLANG_WARN_ENUM_CONVERSION = YES;
				CLANG_WARN_INFINITE_RECURSION = YES;
				CLANG_WARN_INT_CONVERSION = YES;
				CLANG_WARN_NON_LITERAL_NULL_CONVERSION = YES;
				CLANG_WARN_OBJC_IMPLICIT_RETAIN_SELF = YES;
				CLANG_WARN_OBJC_LITERAL_CONVERSION = YES;
				CLANG_WARN_OBJC_ROOT_CLASS = YES_ERROR;
				CLANG_WARN_QUOTED_INCLUDE_IN_FRAMEWORK_HEADER = YES;
				CLANG_WARN_RANGE_LOOP_ANALYSIS = YES;
				CLANG_WARN_STRICT_PROTOTYPES = YES;
				CLANG_WARN_SUSPICIOUS_MOVE = YES;
				CLANG_WARN_UNGUARDED_AVAILABILITY = YES_AGGRESSIVE;
				CLANG_WARN_UNREACHABLE_CODE = YES;
				CLANG_WARN__DUPLICATE_METHOD_MATCH = YES;
				COPY_PHASE_STRIP = NO;
				DEBUG_INFORMATION_FORMAT = "dwarf-with-dsym";
				ENABLE_NS_ASSERTIONS = NO;
				ENABLE_STRICT_OBJC_MSGSEND = YES;
				GCC_C_LANGUAGE_STANDARD = gnu11;
				GCC_NO_COMMON_BLOCKS = YES;
				GCC_WARN_64_TO_32_BIT_CONVERSION = YES;
				GCC_WARN_ABOUT_RETURN_TYPE = YES_ERROR;
				GCC_WARN_UNDECLARED_SELECTOR = YES;
				GCC_WARN_UNINITIALIZED_AUTOS = YES_AGGRESSIVE;
				GCC_WARN_UNUSED_FUNCTION = YES;
				GCC_WARN_UNUSED_VARIABLE = YES;
				IPHONEOS_DEPLOYMENT_TARGET = 16.1;
				MTL_ENABLE_DEBUG_INFO = NO;
				MTL_FAST_MATH = YES;
				SDKROOT = iphoneos;
				SWIFT_COMPILATION_MODE = wholemodule;
				SWIFT_OPTIMIZATION_LEVEL = "-O";
				VALIDATE_PRODUCT = YES;
			};
			name = Release;
		};
		12C4DBF32A0CEA7500DBC4CF /* Debug */ = {
			isa = XCBuildConfiguration;
			buildSettings = {
				ASSETCATALOG_COMPILER_APPICON_NAME = AppIcon;
				ASSETCATALOG_COMPILER_GLOBAL_ACCENT_COLOR_NAME = AccentColor;
				CODE_SIGN_STYLE = Automatic;
				CURRENT_PROJECT_VERSION = 1;
				DEVELOPMENT_TEAM = DH7KJY6JNQ;
				GENERATE_INFOPLIST_FILE = YES;
				INFOPLIST_FILE = Bankey/Info.plist;
				INFOPLIST_KEY_UIApplicationSupportsIndirectInputEvents = YES;
				INFOPLIST_KEY_UILaunchStoryboardName = LaunchScreen;
				INFOPLIST_KEY_UISupportedInterfaceOrientations_iPad = "UIInterfaceOrientationPortrait UIInterfaceOrientationPortraitUpsideDown UIInterfaceOrientationLandscapeLeft UIInterfaceOrientationLandscapeRight";
				INFOPLIST_KEY_UISupportedInterfaceOrientations_iPhone = "UIInterfaceOrientationPortrait UIInterfaceOrientationLandscapeLeft UIInterfaceOrientationLandscapeRight";
				LD_RUNPATH_SEARCH_PATHS = (
					"$(inherited)",
					"@executable_path/Frameworks",
				);
				MARKETING_VERSION = 1.0;
				PRODUCT_BUNDLE_IDENTIFIER = com.geanatoliy.Bankey;
				PRODUCT_NAME = "$(TARGET_NAME)";
				SWIFT_EMIT_LOC_STRINGS = YES;
				SWIFT_VERSION = 5.0;
				TARGETED_DEVICE_FAMILY = "1,2";
			};
			name = Debug;
		};
		12C4DBF42A0CEA7500DBC4CF /* Release */ = {
			isa = XCBuildConfiguration;
			buildSettings = {
				ASSETCATALOG_COMPILER_APPICON_NAME = AppIcon;
				ASSETCATALOG_COMPILER_GLOBAL_ACCENT_COLOR_NAME = AccentColor;
				CODE_SIGN_STYLE = Automatic;
				CURRENT_PROJECT_VERSION = 1;
				DEVELOPMENT_TEAM = DH7KJY6JNQ;
				GENERATE_INFOPLIST_FILE = YES;
				INFOPLIST_FILE = Bankey/Info.plist;
				INFOPLIST_KEY_UIApplicationSupportsIndirectInputEvents = YES;
				INFOPLIST_KEY_UILaunchStoryboardName = LaunchScreen;
				INFOPLIST_KEY_UISupportedInterfaceOrientations_iPad = "UIInterfaceOrientationPortrait UIInterfaceOrientationPortraitUpsideDown UIInterfaceOrientationLandscapeLeft UIInterfaceOrientationLandscapeRight";
				INFOPLIST_KEY_UISupportedInterfaceOrientations_iPhone = "UIInterfaceOrientationPortrait UIInterfaceOrientationLandscapeLeft UIInterfaceOrientationLandscapeRight";
				LD_RUNPATH_SEARCH_PATHS = (
					"$(inherited)",
					"@executable_path/Frameworks",
				);
				MARKETING_VERSION = 1.0;
				PRODUCT_BUNDLE_IDENTIFIER = com.geanatoliy.Bankey;
				PRODUCT_NAME = "$(TARGET_NAME)";
				SWIFT_EMIT_LOC_STRINGS = YES;
				SWIFT_VERSION = 5.0;
				TARGETED_DEVICE_FAMILY = "1,2";
			};
			name = Release;
		};
		12F0FFBB2A173A07003D9B45 /* Debug */ = {
			isa = XCBuildConfiguration;
			buildSettings = {
				BUNDLE_LOADER = "$(TEST_HOST)";
				CLANG_ENABLE_MODULES = YES;
				CODE_SIGN_STYLE = Automatic;
				CURRENT_PROJECT_VERSION = 1;
				DEVELOPMENT_TEAM = DH7KJY6JNQ;
				GENERATE_INFOPLIST_FILE = YES;
				LD_RUNPATH_SEARCH_PATHS = (
					"$(inherited)",
					"@executable_path/Frameworks",
					"@loader_path/Frameworks",
				);
				MARKETING_VERSION = 1.0;
				PRODUCT_BUNDLE_IDENTIFIER = com.geanatoliy.BankeyUnitTests;
				PRODUCT_NAME = "$(TARGET_NAME)";
				SWIFT_EMIT_LOC_STRINGS = NO;
				SWIFT_OPTIMIZATION_LEVEL = "-Onone";
				SWIFT_VERSION = 5.0;
				TARGETED_DEVICE_FAMILY = "1,2";
				TEST_HOST = "$(BUILT_PRODUCTS_DIR)/Bankey.app/$(BUNDLE_EXECUTABLE_FOLDER_PATH)/Bankey";
			};
			name = Debug;
		};
		12F0FFBC2A173A07003D9B45 /* Release */ = {
			isa = XCBuildConfiguration;
			buildSettings = {
				BUNDLE_LOADER = "$(TEST_HOST)";
				CLANG_ENABLE_MODULES = YES;
				CODE_SIGN_STYLE = Automatic;
				CURRENT_PROJECT_VERSION = 1;
				DEVELOPMENT_TEAM = DH7KJY6JNQ;
				GENERATE_INFOPLIST_FILE = YES;
				LD_RUNPATH_SEARCH_PATHS = (
					"$(inherited)",
					"@executable_path/Frameworks",
					"@loader_path/Frameworks",
				);
				MARKETING_VERSION = 1.0;
				PRODUCT_BUNDLE_IDENTIFIER = com.geanatoliy.BankeyUnitTests;
				PRODUCT_NAME = "$(TARGET_NAME)";
				SWIFT_EMIT_LOC_STRINGS = NO;
				SWIFT_VERSION = 5.0;
				TARGETED_DEVICE_FAMILY = "1,2";
				TEST_HOST = "$(BUILT_PRODUCTS_DIR)/Bankey.app/$(BUNDLE_EXECUTABLE_FOLDER_PATH)/Bankey";
			};
			name = Release;
		};
/* End XCBuildConfiguration section */

/* Begin XCConfigurationList section */
		12C4DBD92A0CEA7400DBC4CF /* Build configuration list for PBXProject "Bankey" */ = {
			isa = XCConfigurationList;
			buildConfigurations = (
				12C4DBF02A0CEA7500DBC4CF /* Debug */,
				12C4DBF12A0CEA7500DBC4CF /* Release */,
			);
			defaultConfigurationIsVisible = 0;
			defaultConfigurationName = Release;
		};
		12C4DBF22A0CEA7500DBC4CF /* Build configuration list for PBXNativeTarget "Bankey" */ = {
			isa = XCConfigurationList;
			buildConfigurations = (
				12C4DBF32A0CEA7500DBC4CF /* Debug */,
				12C4DBF42A0CEA7500DBC4CF /* Release */,
			);
			defaultConfigurationIsVisible = 0;
			defaultConfigurationName = Release;
		};
		12F0FFBD2A173A07003D9B45 /* Build configuration list for PBXNativeTarget "BankeyUnitTests" */ = {
			isa = XCConfigurationList;
			buildConfigurations = (
				12F0FFBB2A173A07003D9B45 /* Debug */,
				12F0FFBC2A173A07003D9B45 /* Release */,
			);
			defaultConfigurationIsVisible = 0;
			defaultConfigurationName = Release;
		};
/* End XCConfigurationList section */
	};
	rootObject = 12C4DBD62A0CEA7400DBC4CF /* Project object */;
}
